// !$*UTF8*$!
{
	archiveVersion = 1;
	classes = {
	};
	objectVersion = 77;
	objects = {

/* Begin PBXBuildFile section */
		887A4FC63571ACC046ACC978 /* Pods_PokedexBCI.framework in Frameworks */ = {isa = PBXBuildFile; fileRef = 59600A4AEE32DB958975F6E8 /* Pods_PokedexBCI.framework */; };
/* End PBXBuildFile section */

/* Begin PBXContainerItemProxy section */
		FD37E8892D9E084500CDC840 /* PBXContainerItemProxy */ = {
			isa = PBXContainerItemProxy;
			containerPortal = FD37DCD32D9C784200CDC840 /* Project object */;
			proxyType = 1;
			remoteGlobalIDString = FD37DCDA2D9C784200CDC840;
			remoteInfo = PokedexBCI;
		};
		FD37E8A22D9E129F00CDC840 /* PBXContainerItemProxy */ = {
			isa = PBXContainerItemProxy;
			containerPortal = FD37DCD32D9C784200CDC840 /* Project object */;
			proxyType = 1;
			remoteGlobalIDString = FD37DCDA2D9C784200CDC840;
			remoteInfo = PokedexBCI;
		};
/* End PBXContainerItemProxy section */

/* Begin PBXFileReference section */
		59600A4AEE32DB958975F6E8 /* Pods_PokedexBCI.framework */ = {isa = PBXFileReference; explicitFileType = wrapper.framework; includeInIndex = 0; path = Pods_PokedexBCI.framework; sourceTree = BUILT_PRODUCTS_DIR; };
		7BAE92E161B7A3624290E888 /* Pods-PokedexBCI.debug.xcconfig */ = {isa = PBXFileReference; includeInIndex = 1; lastKnownFileType = text.xcconfig; name = "Pods-PokedexBCI.debug.xcconfig"; path = "Target Support Files/Pods-PokedexBCI/Pods-PokedexBCI.debug.xcconfig"; sourceTree = "<group>"; };
		E43F7CAB3E47877FBD6E2E36 /* Pods-PokedexBCI.release.xcconfig */ = {isa = PBXFileReference; includeInIndex = 1; lastKnownFileType = text.xcconfig; name = "Pods-PokedexBCI.release.xcconfig"; path = "Target Support Files/Pods-PokedexBCI/Pods-PokedexBCI.release.xcconfig"; sourceTree = "<group>"; };
		FD37DCDB2D9C784200CDC840 /* PokedexBCI.app */ = {isa = PBXFileReference; explicitFileType = wrapper.application; includeInIndex = 0; path = PokedexBCI.app; sourceTree = BUILT_PRODUCTS_DIR; };
		FD37E8852D9E084500CDC840 /* PokedexBCITests.xctest */ = {isa = PBXFileReference; explicitFileType = wrapper.cfbundle; includeInIndex = 0; path = PokedexBCITests.xctest; sourceTree = BUILT_PRODUCTS_DIR; };
		FD37E89E2D9E129F00CDC840 /* PokedexBCIUITests.xctest */ = {isa = PBXFileReference; explicitFileType = wrapper.cfbundle; includeInIndex = 0; path = PokedexBCIUITests.xctest; sourceTree = BUILT_PRODUCTS_DIR; };
/* End PBXFileReference section */

/* Begin PBXFileSystemSynchronizedBuildFileExceptionSet section */
		FD37DCED2D9C784300CDC840 /* Exceptions for "PokedexBCI" folder in "PokedexBCI" target */ = {
			isa = PBXFileSystemSynchronizedBuildFileExceptionSet;
			membershipExceptions = (
				Info.plist,
			);
			target = FD37DCDA2D9C784200CDC840 /* PokedexBCI */;
		};
/* End PBXFileSystemSynchronizedBuildFileExceptionSet section */

/* Begin PBXFileSystemSynchronizedRootGroup section */
		FD37DCDD2D9C784200CDC840 /* PokedexBCI */ = {
			isa = PBXFileSystemSynchronizedRootGroup;
			exceptions = (
				FD37DCED2D9C784300CDC840 /* Exceptions for "PokedexBCI" folder in "PokedexBCI" target */,
			);
			path = PokedexBCI;
			sourceTree = "<group>";
		};
		FD37E8862D9E084500CDC840 /* PokedexBCITests */ = {
			isa = PBXFileSystemSynchronizedRootGroup;
			path = PokedexBCITests;
			sourceTree = "<group>";
		};
		FD37E89F2D9E129F00CDC840 /* PokedexBCIUITests */ = {
			isa = PBXFileSystemSynchronizedRootGroup;
			path = PokedexBCIUITests;
			sourceTree = "<group>";
		};
/* End PBXFileSystemSynchronizedRootGroup section */

/* Begin PBXFrameworksBuildPhase section */
		FD37DCD82D9C784200CDC840 /* Frameworks */ = {
			isa = PBXFrameworksBuildPhase;
			buildActionMask = 2147483647;
			files = (
				887A4FC63571ACC046ACC978 /* Pods_PokedexBCI.framework in Frameworks */,
			);
			runOnlyForDeploymentPostprocessing = 0;
		};
		FD37E8822D9E084500CDC840 /* Frameworks */ = {
			isa = PBXFrameworksBuildPhase;
			buildActionMask = 2147483647;
			files = (
			);
			runOnlyForDeploymentPostprocessing = 0;
		};
		FD37E89B2D9E129F00CDC840 /* Frameworks */ = {
			isa = PBXFrameworksBuildPhase;
			buildActionMask = 2147483647;
			files = (
			);
			runOnlyForDeploymentPostprocessing = 0;
		};
/* End PBXFrameworksBuildPhase section */

/* Begin PBXGroup section */
		2C5A7EB5EF1F49575725620E /* Frameworks */ = {
			isa = PBXGroup;
			children = (
				59600A4AEE32DB958975F6E8 /* Pods_PokedexBCI.framework */,
			);
			name = Frameworks;
			sourceTree = "<group>";
		};
		CD0BC60E3D939DBB3EEAF19F /* Pods */ = {
			isa = PBXGroup;
			children = (
				7BAE92E161B7A3624290E888 /* Pods-PokedexBCI.debug.xcconfig */,
				E43F7CAB3E47877FBD6E2E36 /* Pods-PokedexBCI.release.xcconfig */,
			);
			path = Pods;
			sourceTree = "<group>";
		};
		FD37DCD22D9C784200CDC840 = {
			isa = PBXGroup;
			children = (
				FD37DCDD2D9C784200CDC840 /* PokedexBCI */,
				FD37E8862D9E084500CDC840 /* PokedexBCITests */,
				FD37E89F2D9E129F00CDC840 /* PokedexBCIUITests */,
				FD37DCDC2D9C784200CDC840 /* Products */,
				CD0BC60E3D939DBB3EEAF19F /* Pods */,
				2C5A7EB5EF1F49575725620E /* Frameworks */,
			);
			sourceTree = "<group>";
		};
		FD37DCDC2D9C784200CDC840 /* Products */ = {
			isa = PBXGroup;
			children = (
				FD37DCDB2D9C784200CDC840 /* PokedexBCI.app */,
				FD37E8852D9E084500CDC840 /* PokedexBCITests.xctest */,
				FD37E89E2D9E129F00CDC840 /* PokedexBCIUITests.xctest */,
			);
			name = Products;
			sourceTree = "<group>";
		};
/* End PBXGroup section */

/* Begin PBXNativeTarget section */
		FD37DCDA2D9C784200CDC840 /* PokedexBCI */ = {
			isa = PBXNativeTarget;
			buildConfigurationList = FD37DCEE2D9C784300CDC840 /* Build configuration list for PBXNativeTarget "PokedexBCI" */;
			buildPhases = (
				6FA45695D371D44C729D2AC8 /* [CP] Check Pods Manifest.lock */,
				FD37DCD72D9C784200CDC840 /* Sources */,
				FD37DCD82D9C784200CDC840 /* Frameworks */,
				FD37DCD92D9C784200CDC840 /* Resources */,
				EC3547BFE7E648AC168C8AD7 /* [CP] Embed Pods Frameworks */,
			);
			buildRules = (
			);
			dependencies = (
			);
			fileSystemSynchronizedGroups = (
				FD37DCDD2D9C784200CDC840 /* PokedexBCI */,
			);
			name = PokedexBCI;
			productName = PokedexBCI;
			productReference = FD37DCDB2D9C784200CDC840 /* PokedexBCI.app */;
			productType = "com.apple.product-type.application";
		};
		FD37E8842D9E084500CDC840 /* PokedexBCITests */ = {
			isa = PBXNativeTarget;
			buildConfigurationList = FD37E88B2D9E084500CDC840 /* Build configuration list for PBXNativeTarget "PokedexBCITests" */;
			buildPhases = (
				FD37E8812D9E084500CDC840 /* Sources */,
				FD37E8822D9E084500CDC840 /* Frameworks */,
				FD37E8832D9E084500CDC840 /* Resources */,
			);
			buildRules = (
			);
			dependencies = (
				FD37E88A2D9E084500CDC840 /* PBXTargetDependency */,
			);
			fileSystemSynchronizedGroups = (
				FD37E8862D9E084500CDC840 /* PokedexBCITests */,
			);
			name = PokedexBCITests;
			packageProductDependencies = (
			);
			productName = PokedexBCITests;
			productReference = FD37E8852D9E084500CDC840 /* PokedexBCITests.xctest */;
			productType = "com.apple.product-type.bundle.unit-test";
		};
		FD37E89D2D9E129F00CDC840 /* PokedexBCIUITests */ = {
			isa = PBXNativeTarget;
			buildConfigurationList = FD37E8A42D9E129F00CDC840 /* Build configuration list for PBXNativeTarget "PokedexBCIUITests" */;
			buildPhases = (
				FD37E89A2D9E129F00CDC840 /* Sources */,
				FD37E89B2D9E129F00CDC840 /* Frameworks */,
				FD37E89C2D9E129F00CDC840 /* Resources */,
			);
			buildRules = (
			);
			dependencies = (
				FD37E8A32D9E129F00CDC840 /* PBXTargetDependency */,
			);
			fileSystemSynchronizedGroups = (
				FD37E89F2D9E129F00CDC840 /* PokedexBCIUITests */,
			);
			name = PokedexBCIUITests;
			packageProductDependencies = (
			);
			productName = PokedexBCIUITests;
			productReference = FD37E89E2D9E129F00CDC840 /* PokedexBCIUITests.xctest */;
			productType = "com.apple.product-type.bundle.unit-test";
		};
/* End PBXNativeTarget section */

/* Begin PBXProject section */
		FD37DCD32D9C784200CDC840 /* Project object */ = {
			isa = PBXProject;
			attributes = {
				BuildIndependentTargetsInParallel = 1;
				LastSwiftUpdateCheck = 1610;
				LastUpgradeCheck = 1610;
				TargetAttributes = {
					FD37DCDA2D9C784200CDC840 = {
						CreatedOnToolsVersion = 16.1;
					};
					FD37E8842D9E084500CDC840 = {
						CreatedOnToolsVersion = 16.1;
						LastSwiftMigration = 1610;
						TestTargetID = FD37DCDA2D9C784200CDC840;
					};
					FD37E89D2D9E129F00CDC840 = {
						CreatedOnToolsVersion = 16.1;
						TestTargetID = FD37DCDA2D9C784200CDC840;
					};
				};
			};
			buildConfigurationList = FD37DCD62D9C784200CDC840 /* Build configuration list for PBXProject "PokedexBCI" */;
			developmentRegion = en;
			hasScannedForEncodings = 0;
			knownRegions = (
				en,
				Base,
			);
			mainGroup = FD37DCD22D9C784200CDC840;
			minimizedProjectReferenceProxies = 1;
			preferredProjectObjectVersion = 77;
			productRefGroup = FD37DCDC2D9C784200CDC840 /* Products */;
			projectDirPath = "";
			projectRoot = "";
			targets = (
				FD37DCDA2D9C784200CDC840 /* PokedexBCI */,
				FD37E8842D9E084500CDC840 /* PokedexBCITests */,
				FD37E89D2D9E129F00CDC840 /* PokedexBCIUITests */,
			);
		};
/* End PBXProject section */

/* Begin PBXResourcesBuildPhase section */
		FD37DCD92D9C784200CDC840 /* Resources */ = {
			isa = PBXResourcesBuildPhase;
			buildActionMask = 2147483647;
			files = (
			);
			runOnlyForDeploymentPostprocessing = 0;
		};
		FD37E8832D9E084500CDC840 /* Resources */ = {
			isa = PBXResourcesBuildPhase;
			buildActionMask = 2147483647;
			files = (
			);
			runOnlyForDeploymentPostprocessing = 0;
		};
		FD37E89C2D9E129F00CDC840 /* Resources */ = {
			isa = PBXResourcesBuildPhase;
			buildActionMask = 2147483647;
			files = (
			);
			runOnlyForDeploymentPostprocessing = 0;
		};
/* End PBXResourcesBuildPhase section */

/* Begin PBXShellScriptBuildPhase section */
		6FA45695D371D44C729D2AC8 /* [CP] Check Pods Manifest.lock */ = {
			isa = PBXShellScriptBuildPhase;
			buildActionMask = 2147483647;
			files = (
			);
			inputFileListPaths = (
			);
			inputPaths = (
				"${PODS_PODFILE_DIR_PATH}/Podfile.lock",
				"${PODS_ROOT}/Manifest.lock",
			);
			name = "[CP] Check Pods Manifest.lock";
			outputFileListPaths = (
			);
			outputPaths = (
				"$(DERIVED_FILE_DIR)/Pods-PokedexBCI-checkManifestLockResult.txt",
			);
			runOnlyForDeploymentPostprocessing = 0;
			shellPath = /bin/sh;
			shellScript = "diff \"${PODS_PODFILE_DIR_PATH}/Podfile.lock\" \"${PODS_ROOT}/Manifest.lock\" > /dev/null\nif [ $? != 0 ] ; then\n    # print error to STDERR\n    echo \"error: The sandbox is not in sync with the Podfile.lock. Run 'pod install' or update your CocoaPods installation.\" >&2\n    exit 1\nfi\n# This output is used by Xcode 'outputs' to avoid re-running this script phase.\necho \"SUCCESS\" > \"${SCRIPT_OUTPUT_FILE_0}\"\n";
			showEnvVarsInLog = 0;
		};
		EC3547BFE7E648AC168C8AD7 /* [CP] Embed Pods Frameworks */ = {
			isa = PBXShellScriptBuildPhase;
			buildActionMask = 2147483647;
			files = (
			);
			inputFileListPaths = (
				"${PODS_ROOT}/Target Support Files/Pods-PokedexBCI/Pods-PokedexBCI-frameworks-${CONFIGURATION}-input-files.xcfilelist",
			);
			name = "[CP] Embed Pods Frameworks";
			outputFileListPaths = (
				"${PODS_ROOT}/Target Support Files/Pods-PokedexBCI/Pods-PokedexBCI-frameworks-${CONFIGURATION}-output-files.xcfilelist",
			);
			runOnlyForDeploymentPostprocessing = 0;
			shellPath = /bin/sh;
			shellScript = "\"${PODS_ROOT}/Target Support Files/Pods-PokedexBCI/Pods-PokedexBCI-frameworks.sh\"\n";
			showEnvVarsInLog = 0;
		};
/* End PBXShellScriptBuildPhase section */

/* Begin PBXSourcesBuildPhase section */
		FD37DCD72D9C784200CDC840 /* Sources */ = {
			isa = PBXSourcesBuildPhase;
			buildActionMask = 2147483647;
			files = (
			);
			runOnlyForDeploymentPostprocessing = 0;
		};
		FD37E8812D9E084500CDC840 /* Sources */ = {
			isa = PBXSourcesBuildPhase;
			buildActionMask = 2147483647;
			files = (
			);
			runOnlyForDeploymentPostprocessing = 0;
		};
		FD37E89A2D9E129F00CDC840 /* Sources */ = {
			isa = PBXSourcesBuildPhase;
			buildActionMask = 2147483647;
			files = (
			);
			runOnlyForDeploymentPostprocessing = 0;
		};
/* End PBXSourcesBuildPhase section */

/* Begin PBXTargetDependency section */
		FD37E88A2D9E084500CDC840 /* PBXTargetDependency */ = {
			isa = PBXTargetDependency;
			target = FD37DCDA2D9C784200CDC840 /* PokedexBCI */;
			targetProxy = FD37E8892D9E084500CDC840 /* PBXContainerItemProxy */;
		};
		FD37E8A32D9E129F00CDC840 /* PBXTargetDependency */ = {
			isa = PBXTargetDependency;
			target = FD37DCDA2D9C784200CDC840 /* PokedexBCI */;
			targetProxy = FD37E8A22D9E129F00CDC840 /* PBXContainerItemProxy */;
		};
/* End PBXTargetDependency section */

/* Begin XCBuildConfiguration section */
		FD37DCEF2D9C784300CDC840 /* Debug */ = {
			isa = XCBuildConfiguration;
			baseConfigurationReference = 7BAE92E161B7A3624290E888 /* Pods-PokedexBCI.debug.xcconfig */;
			buildSettings = {
				ASSETCATALOG_COMPILER_APPICON_NAME = AppIcon;
				ASSETCATALOG_COMPILER_GLOBAL_ACCENT_COLOR_NAME = AccentColor;
				CODE_SIGN_STYLE = Automatic;
				CURRENT_PROJECT_VERSION = 1;
				DEVELOPMENT_TEAM = 7UN4YDYUNW;
				ENABLE_USER_SCRIPT_SANDBOXING = NO;
				GENERATE_INFOPLIST_FILE = YES;
				INFOPLIST_FILE = PokedexBCI/Info.plist;
				INFOPLIST_KEY_UIApplicationSupportsIndirectInputEvents = YES;
				INFOPLIST_KEY_UILaunchStoryboardName = LaunchScreen;
				INFOPLIST_KEY_UISupportedInterfaceOrientations_iPad = "UIInterfaceOrientationPortrait UIInterfaceOrientationPortraitUpsideDown UIInterfaceOrientationLandscapeLeft UIInterfaceOrientationLandscapeRight";
				INFOPLIST_KEY_UISupportedInterfaceOrientations_iPhone = "UIInterfaceOrientationPortrait UIInterfaceOrientationLandscapeLeft UIInterfaceOrientationLandscapeRight";
				IPHONEOS_DEPLOYMENT_TARGET = 16.6;
				LD_RUNPATH_SEARCH_PATHS = (
					"$(inherited)",
					"@executable_path/Frameworks",
				);
				MARKETING_VERSION = 1.0;
				PRODUCT_BUNDLE_IDENTIFIER = nishi.PokedexBCI;
				PRODUCT_NAME = "$(TARGET_NAME)";
				SUPPORTED_PLATFORMS = "iphoneos iphonesimulator";
				SUPPORTS_MACCATALYST = NO;
				SUPPORTS_MAC_DESIGNED_FOR_IPHONE_IPAD = NO;
				SUPPORTS_XR_DESIGNED_FOR_IPHONE_IPAD = NO;
				SWIFT_EMIT_LOC_STRINGS = YES;
				SWIFT_VERSION = 5.0;
				TARGETED_DEVICE_FAMILY = 1;
			};
			name = Debug;
		};
		FD37DCF02D9C784300CDC840 /* Release */ = {
			isa = XCBuildConfiguration;
			baseConfigurationReference = E43F7CAB3E47877FBD6E2E36 /* Pods-PokedexBCI.release.xcconfig */;
			buildSettings = {
				ASSETCATALOG_COMPILER_APPICON_NAME = AppIcon;
				ASSETCATALOG_COMPILER_GLOBAL_ACCENT_COLOR_NAME = AccentColor;
				CODE_SIGN_STYLE = Automatic;
				CURRENT_PROJECT_VERSION = 1;
				DEVELOPMENT_TEAM = 7UN4YDYUNW;
				ENABLE_USER_SCRIPT_SANDBOXING = NO;
				GENERATE_INFOPLIST_FILE = YES;
				INFOPLIST_FILE = PokedexBCI/Info.plist;
				INFOPLIST_KEY_UIApplicationSupportsIndirectInputEvents = YES;
				INFOPLIST_KEY_UILaunchStoryboardName = LaunchScreen;
				INFOPLIST_KEY_UISupportedInterfaceOrientations_iPad = "UIInterfaceOrientationPortrait UIInterfaceOrientationPortraitUpsideDown UIInterfaceOrientationLandscapeLeft UIInterfaceOrientationLandscapeRight";
				INFOPLIST_KEY_UISupportedInterfaceOrientations_iPhone = "UIInterfaceOrientationPortrait UIInterfaceOrientationLandscapeLeft UIInterfaceOrientationLandscapeRight";
				IPHONEOS_DEPLOYMENT_TARGET = 16.6;
				LD_RUNPATH_SEARCH_PATHS = (
					"$(inherited)",
					"@executable_path/Frameworks",
				);
				MARKETING_VERSION = 1.0;
				PRODUCT_BUNDLE_IDENTIFIER = nishi.PokedexBCI;
				PRODUCT_NAME = "$(TARGET_NAME)";
				SUPPORTED_PLATFORMS = "iphoneos iphonesimulator";
				SUPPORTS_MACCATALYST = NO;
				SUPPORTS_MAC_DESIGNED_FOR_IPHONE_IPAD = NO;
				SUPPORTS_XR_DESIGNED_FOR_IPHONE_IPAD = NO;
				SWIFT_EMIT_LOC_STRINGS = YES;
				SWIFT_VERSION = 5.0;
				TARGETED_DEVICE_FAMILY = 1;
			};
			name = Release;
		};
		FD37DCF12D9C784300CDC840 /* Debug */ = {
			isa = XCBuildConfiguration;
			buildSettings = {
				ALWAYS_SEARCH_USER_PATHS = NO;
				ASSETCATALOG_COMPILER_GENERATE_SWIFT_ASSET_SYMBOL_EXTENSIONS = YES;
				CLANG_ANALYZER_NONNULL = YES;
				CLANG_ANALYZER_NUMBER_OBJECT_CONVERSION = YES_AGGRESSIVE;
				CLANG_CXX_LANGUAGE_STANDARD = "gnu++20";
				CLANG_ENABLE_MODULES = YES;
				CLANG_ENABLE_OBJC_ARC = YES;
				CLANG_ENABLE_OBJC_WEAK = YES;
				CLANG_WARN_BLOCK_CAPTURE_AUTORELEASING = YES;
				CLANG_WARN_BOOL_CONVERSION = YES;
				CLANG_WARN_COMMA = YES;
				CLANG_WARN_CONSTANT_CONVERSION = YES;
				CLANG_WARN_DEPRECATED_OBJC_IMPLEMENTATIONS = YES;
				CLANG_WARN_DIRECT_OBJC_ISA_USAGE = YES_ERROR;
				CLANG_WARN_DOCUMENTATION_COMMENTS = YES;
				CLANG_WARN_EMPTY_BODY = YES;
				CLANG_WARN_ENUM_CONVERSION = YES;
				CLANG_WARN_INFINITE_RECURSION = YES;
				CLANG_WARN_INT_CONVERSION = YES;
				CLANG_WARN_NON_LITERAL_NULL_CONVERSION = YES;
				CLANG_WARN_OBJC_IMPLICIT_RETAIN_SELF = YES;
				CLANG_WARN_OBJC_LITERAL_CONVERSION = YES;
				CLANG_WARN_OBJC_ROOT_CLASS = YES_ERROR;
				CLANG_WARN_QUOTED_INCLUDE_IN_FRAMEWORK_HEADER = YES;
				CLANG_WARN_RANGE_LOOP_ANALYSIS = YES;
				CLANG_WARN_STRICT_PROTOTYPES = YES;
				CLANG_WARN_SUSPICIOUS_MOVE = YES;
				CLANG_WARN_UNGUARDED_AVAILABILITY = YES_AGGRESSIVE;
				CLANG_WARN_UNREACHABLE_CODE = YES;
				CLANG_WARN__DUPLICATE_METHOD_MATCH = YES;
				COPY_PHASE_STRIP = NO;
				DEBUG_INFORMATION_FORMAT = dwarf;
				ENABLE_STRICT_OBJC_MSGSEND = YES;
				ENABLE_TESTABILITY = YES;
				ENABLE_USER_SCRIPT_SANDBOXING = YES;
				GCC_C_LANGUAGE_STANDARD = gnu17;
				GCC_DYNAMIC_NO_PIC = NO;
				GCC_NO_COMMON_BLOCKS = YES;
				GCC_OPTIMIZATION_LEVEL = 0;
				GCC_PREPROCESSOR_DEFINITIONS = (
					"DEBUG=1",
					"$(inherited)",
				);
				GCC_WARN_64_TO_32_BIT_CONVERSION = YES;
				GCC_WARN_ABOUT_RETURN_TYPE = YES_ERROR;
				GCC_WARN_UNDECLARED_SELECTOR = YES;
				GCC_WARN_UNINITIALIZED_AUTOS = YES_AGGRESSIVE;
				GCC_WARN_UNUSED_FUNCTION = YES;
				GCC_WARN_UNUSED_VARIABLE = YES;
				IPHONEOS_DEPLOYMENT_TARGET = 18.1;
				LOCALIZATION_PREFERS_STRING_CATALOGS = YES;
				MTL_ENABLE_DEBUG_INFO = INCLUDE_SOURCE;
				MTL_FAST_MATH = YES;
				ONLY_ACTIVE_ARCH = YES;
				SDKROOT = iphoneos;
				SWIFT_ACTIVE_COMPILATION_CONDITIONS = "DEBUG $(inherited)";
				SWIFT_OPTIMIZATION_LEVEL = "-Onone";
			};
			name = Debug;
		};
		FD37DCF22D9C784300CDC840 /* Release */ = {
			isa = XCBuildConfiguration;
			buildSettings = {
				ALWAYS_SEARCH_USER_PATHS = NO;
				ASSETCATALOG_COMPILER_GENERATE_SWIFT_ASSET_SYMBOL_EXTENSIONS = YES;
				CLANG_ANALYZER_NONNULL = YES;
				CLANG_ANALYZER_NUMBER_OBJECT_CONVERSION = YES_AGGRESSIVE;
				CLANG_CXX_LANGUAGE_STANDARD = "gnu++20";
				CLANG_ENABLE_MODULES = YES;
				CLANG_ENABLE_OBJC_ARC = YES;
				CLANG_ENABLE_OBJC_WEAK = YES;
				CLANG_WARN_BLOCK_CAPTURE_AUTORELEASING = YES;
				CLANG_WARN_BOOL_CONVERSION = YES;
				CLANG_WARN_COMMA = YES;
				CLANG_WARN_CONSTANT_CONVERSION = YES;
				CLANG_WARN_DEPRECATED_OBJC_IMPLEMENTATIONS = YES;
				CLANG_WARN_DIRECT_OBJC_ISA_USAGE = YES_ERROR;
				CLANG_WARN_DOCUMENTATION_COMMENTS = YES;
				CLANG_WARN_EMPTY_BODY = YES;
				CLANG_WARN_ENUM_CONVERSION = YES;
				CLANG_WARN_INFINITE_RECURSION = YES;
				CLANG_WARN_INT_CONVERSION = YES;
				CLANG_WARN_NON_LITERAL_NULL_CONVERSION = YES;
				CLANG_WARN_OBJC_IMPLICIT_RETAIN_SELF = YES;
				CLANG_WARN_OBJC_LITERAL_CONVERSION = YES;
				CLANG_WARN_OBJC_ROOT_CLASS = YES_ERROR;
				CLANG_WARN_QUOTED_INCLUDE_IN_FRAMEWORK_HEADER = YES;
				CLANG_WARN_RANGE_LOOP_ANALYSIS = YES;
				CLANG_WARN_STRICT_PROTOTYPES = YES;
				CLANG_WARN_SUSPICIOUS_MOVE = YES;
				CLANG_WARN_UNGUARDED_AVAILABILITY = YES_AGGRESSIVE;
				CLANG_WARN_UNREACHABLE_CODE = YES;
				CLANG_WARN__DUPLICATE_METHOD_MATCH = YES;
				COPY_PHASE_STRIP = NO;
				DEBUG_INFORMATION_FORMAT = "dwarf-with-dsym";
				ENABLE_NS_ASSERTIONS = NO;
				ENABLE_STRICT_OBJC_MSGSEND = YES;
				ENABLE_USER_SCRIPT_SANDBOXING = YES;
				GCC_C_LANGUAGE_STANDARD = gnu17;
				GCC_NO_COMMON_BLOCKS = YES;
				GCC_WARN_64_TO_32_BIT_CONVERSION = YES;
				GCC_WARN_ABOUT_RETURN_TYPE = YES_ERROR;
				GCC_WARN_UNDECLARED_SELECTOR = YES;
				GCC_WARN_UNINITIALIZED_AUTOS = YES_AGGRESSIVE;
				GCC_WARN_UNUSED_FUNCTION = YES;
				GCC_WARN_UNUSED_VARIABLE = YES;
				IPHONEOS_DEPLOYMENT_TARGET = 18.1;
				LOCALIZATION_PREFERS_STRING_CATALOGS = YES;
				MTL_ENABLE_DEBUG_INFO = NO;
				MTL_FAST_MATH = YES;
				SDKROOT = iphoneos;
				SWIFT_COMPILATION_MODE = wholemodule;
				VALIDATE_PRODUCT = YES;
			};
			name = Release;
		};
		FD37E88C2D9E084500CDC840 /* Debug */ = {
			isa = XCBuildConfiguration;
			buildSettings = {
				BUNDLE_LOADER = "$(TEST_HOST)";
				CLANG_ENABLE_MODULES = YES;
				CODE_SIGN_STYLE = Automatic;
				CURRENT_PROJECT_VERSION = 1;
				DEVELOPMENT_TEAM = 7UN4YDYUNW;
				GENERATE_INFOPLIST_FILE = YES;
				MARKETING_VERSION = 1.0;
				PRODUCT_BUNDLE_IDENTIFIER = nishi.PokedexBCITests;
				PRODUCT_NAME = "$(TARGET_NAME)";
				SWIFT_EMIT_LOC_STRINGS = NO;
				SWIFT_OPTIMIZATION_LEVEL = "-Onone";
				SWIFT_VERSION = 5.0;
				TARGETED_DEVICE_FAMILY = "1,2";
				TEST_HOST = "$(BUILT_PRODUCTS_DIR)/PokedexBCI.app/$(BUNDLE_EXECUTABLE_FOLDER_PATH)/PokedexBCI";
			};
			name = Debug;
		};
		FD37E88D2D9E084500CDC840 /* Release */ = {
			isa = XCBuildConfiguration;
			buildSettings = {
				BUNDLE_LOADER = "$(TEST_HOST)";
				CLANG_ENABLE_MODULES = YES;
				CODE_SIGN_STYLE = Automatic;
				CURRENT_PROJECT_VERSION = 1;
				DEVELOPMENT_TEAM = 7UN4YDYUNW;
				GENERATE_INFOPLIST_FILE = YES;
				MARKETING_VERSION = 1.0;
				PRODUCT_BUNDLE_IDENTIFIER = nishi.PokedexBCITests;
				PRODUCT_NAME = "$(TARGET_NAME)";
				SWIFT_EMIT_LOC_STRINGS = NO;
				SWIFT_VERSION = 5.0;
				TARGETED_DEVICE_FAMILY = "1,2";
				TEST_HOST = "$(BUILT_PRODUCTS_DIR)/PokedexBCI.app/$(BUNDLE_EXECUTABLE_FOLDER_PATH)/PokedexBCI";
			};
			name = Release;
		};
		FD37E8A52D9E129F00CDC840 /* Debug */ = {
			isa = XCBuildConfiguration;
			buildSettings = {
				BUNDLE_LOADER = "$(TEST_HOST)";
				CODE_SIGN_STYLE = Automatic;
				CURRENT_PROJECT_VERSION = 1;
				DEVELOPMENT_TEAM = 7UN4YDYUNW;
				GENERATE_INFOPLIST_FILE = YES;
				MARKETING_VERSION = 1.0;
				PRODUCT_BUNDLE_IDENTIFIER = nishi.PokedexBCIUITests;
				PRODUCT_NAME = "$(TARGET_NAME)";
				SWIFT_EMIT_LOC_STRINGS = NO;
				SWIFT_VERSION = 5.0;
				TARGETED_DEVICE_FAMILY = "1,2";
				TEST_HOST = "$(BUILT_PRODUCTS_DIR)/PokedexBCI.app/$(BUNDLE_EXECUTABLE_FOLDER_PATH)/PokedexBCI";
			};
			name = Debug;
		};
		FD37E8A62D9E129F00CDC840 /* Release */ = {
			isa = XCBuildConfiguration;
			buildSettings = {
				BUNDLE_LOADER = "$(TEST_HOST)";
				CODE_SIGN_STYLE = Automatic;
				CURRENT_PROJECT_VERSION = 1;
				DEVELOPMENT_TEAM = 7UN4YDYUNW;
				GENERATE_INFOPLIST_FILE = YES;
				MARKETING_VERSION = 1.0;
				PRODUCT_BUNDLE_IDENTIFIER = nishi.PokedexBCIUITests;
				PRODUCT_NAME = "$(TARGET_NAME)";
				SWIFT_EMIT_LOC_STRINGS = NO;
				SWIFT_VERSION = 5.0;
				TARGETED_DEVICE_FAMILY = "1,2";
				TEST_HOST = "$(BUILT_PRODUCTS_DIR)/PokedexBCI.app/$(BUNDLE_EXECUTABLE_FOLDER_PATH)/PokedexBCI";
			};
			name = Release;
		};
/* End XCBuildConfiguration section */

/* Begin XCConfigurationList section */
		FD37DCD62D9C784200CDC840 /* Build configuration list for PBXProject "PokedexBCI" */ = {
			isa = XCConfigurationList;
			buildConfigurations = (
				FD37DCF12D9C784300CDC840 /* Debug */,
				FD37DCF22D9C784300CDC840 /* Release */,
			);
			defaultConfigurationIsVisible = 0;
			defaultConfigurationName = Release;
		};
		FD37DCEE2D9C784300CDC840 /* Build configuration list for PBXNativeTarget "PokedexBCI" */ = {
			isa = XCConfigurationList;
			buildConfigurations = (
				FD37DCEF2D9C784300CDC840 /* Debug */,
				FD37DCF02D9C784300CDC840 /* Release */,
			);
			defaultConfigurationIsVisible = 0;
			defaultConfigurationName = Release;
		};
		FD37E88B2D9E084500CDC840 /* Build configuration list for PBXNativeTarget "PokedexBCITests" */ = {
			isa = XCConfigurationList;
			buildConfigurations = (
				FD37E88C2D9E084500CDC840 /* Debug */,
				FD37E88D2D9E084500CDC840 /* Release */,
			);
			defaultConfigurationIsVisible = 0;
			defaultConfigurationName = Release;
		};
		FD37E8A42D9E129F00CDC840 /* Build configuration list for PBXNativeTarget "PokedexBCIUITests" */ = {
			isa = XCConfigurationList;
			buildConfigurations = (
				FD37E8A52D9E129F00CDC840 /* Debug */,
				FD37E8A62D9E129F00CDC840 /* Release */,
			);
			defaultConfigurationIsVisible = 0;
			defaultConfigurationName = Release;
		};
/* End XCConfigurationList section */
	};
	rootObject = FD37DCD32D9C784200CDC840 /* Project object */;
}
